{
  "requires": true,
  "lockfileVersion": 1,
  "dependencies": {
    "filed": {
      "version": "0.0.7",
      "resolved": "https://registry.npmjs.org/filed/-/filed-0.0.7.tgz",
      "integrity": "sha1-MIfsUx+5p4YApuyOCxBuLFdNl3M="
    },
    "jquery": {
      "version": "3.5.1",
      "resolved": "https://registry.npmjs.org/jquery/-/jquery-3.5.1.tgz",
      "integrity": "sha512-XwIBPqcMn57FxfT+Go5pzySnm4KWkT1Tv7gjrpT1srtf8Weynl6R273VJ5GjkRb51IzMp5nbaPjJXMWeju2MKg=="
    },
    "mime": {
      "version": "1.2.7",
      "resolved": "https://registry.npmjs.org/mime/-/mime-1.2.7.tgz",
      "integrity": "sha1-x6E/M6cHPZkA8ohDawazoWIAhls="
    },
    "owl.carousel": {
      "version": "2.3.4",
      "resolved": "https://registry.npmjs.org/owl.carousel/-/owl.carousel-2.3.4.tgz",
      "integrity": "sha512-JaDss9+feAvEW8KZppPSpllfposEzQiW+Ytt/Xm5t/3CTJ7YVmkh6RkWixoA2yXk2boIwedYxOvrrppIGzru9A==",
      "requires": {
        "jquery": ">=1.8.3"
      }
    },
    "wow": {
      "version": "0.0.6",
      "resolved": "https://registry.npmjs.org/wow/-/wow-0.0.6.tgz",
      "integrity": "sha1-UKNm9kFABAiJbHdMB2PuXe82rw0=",
      "requires": {
        "filed": "0.0.7",
        "mime": "1.2.7"
      }
    }
  }
}
